
Microsoft Visual Studio Solution File, Format Version 12.00
# Visual Studio Version 17
VisualStudioVersion = 17.8.34525.116
MinimumVisualStudioVersion = 10.0.40219.1
Project("{9A19103F-16F7-4668-BE54-9A1E7A4F7556}") = "Backend", "Backend\Backend.csproj", "{33AA6B8D-DCF3-4EE1-9964-225C8A8A7BF0}"
EndProject
Project("{9A19103F-16F7-4668-BE54-9A1E7A4F7556}") = "Frontend", "Frontend\Frontend\Frontend.csproj", "{AAF8BB77-E108-4A2E-AD21-ACBB4890DE2C}"
EndProject
Project("{9A19103F-16F7-4668-BE54-9A1E7A4F7556}") = "Frontend.Client", "Frontend\Frontend.Client\Frontend.Client.csproj", "{82B88FBA-C824-4A58-8169-2D79B22A6454}"
EndProject
Project("{FAE04EC0-301F-11D3-BF4B-00C04F79EFBC}") = "LSMP", "LSMP\LSMP.csproj", "{CB0EFD1A-B37A-43AF-9665-7776DB80BAF0}"
EndProject
Global
	GlobalSection(SolutionConfigurationPlatforms) = preSolution
		Debug|Any CPU = Debug|Any CPU
		Release|Any CPU = Release|Any CPU
	EndGlobalSection
	GlobalSection(ProjectConfigurationPlatforms) = postSolution
		{33AA6B8D-DCF3-4EE1-9964-225C8A8A7BF0}.Debug|Any CPU.ActiveCfg = Debug|Any CPU
		{33AA6B8D-DCF3-4EE1-9964-225C8A8A7BF0}.Debug|Any CPU.Build.0 = Debug|Any CPU
		{33AA6B8D-DCF3-4EE1-9964-225C8A8A7BF0}.Release|Any CPU.ActiveCfg = Release|Any CPU
		{33AA6B8D-DCF3-4EE1-9964-225C8A8A7BF0}.Release|Any CPU.Build.0 = Release|Any CPU
		{AAF8BB77-E108-4A2E-AD21-ACBB4890DE2C}.Debug|Any CPU.ActiveCfg = Debug|Any CPU
		{AAF8BB77-E108-4A2E-AD21-ACBB4890DE2C}.Debug|Any CPU.Build.0 = Debug|Any CPU
		{AAF8BB77-E108-4A2E-AD21-ACBB4890DE2C}.Release|Any CPU.ActiveCfg = Release|Any CPU
		{AAF8BB77-E108-4A2E-AD21-ACBB4890DE2C}.Release|Any CPU.Build.0 = Release|Any CPU
		{82B88FBA-C824-4A58-8169-2D79B22A6454}.Debug|Any CPU.ActiveCfg = Debug|Any CPU
		{82B88FBA-C824-4A58-8169-2D79B22A6454}.Debug|Any CPU.Build.0 = Debug|Any CPU
		{82B88FBA-C824-4A58-8169-2D79B22A6454}.Release|Any CPU.ActiveCfg = Release|Any CPU
		{82B88FBA-C824-4A58-8169-2D79B22A6454}.Release|Any CPU.Build.0 = Release|Any CPU
		{CB0EFD1A-B37A-43AF-9665-7776DB80BAF0}.Debug|Any CPU.ActiveCfg = Debug|Any CPU
		{CB0EFD1A-B37A-43AF-9665-7776DB80BAF0}.Debug|Any CPU.Build.0 = Debug|Any CPU
		{CB0EFD1A-B37A-43AF-9665-7776DB80BAF0}.Release|Any CPU.ActiveCfg = Release|Any CPU
		{CB0EFD1A-B37A-43AF-9665-7776DB80BAF0}.Release|Any CPU.Build.0 = Release|Any CPU
	EndGlobalSection
	GlobalSection(SolutionProperties) = preSolution
		HideSolutionNode = FALSE
	EndGlobalSection
	GlobalSection(ExtensibilityGlobals) = postSolution
		SolutionGuid = {FCEBD35F-D526-4C6C-BA30-0D4B7813D189}
	EndGlobalSection
EndGlobal
